// !$*UTF8*$!
{
	archiveVersion = 1;
	classes = {
	};
	objectVersion = 56;
	objects = {

/* Begin PBXBuildFile section */
		B05A839D2A960BEF00CE5DCF /* ExpenseTrackerApp.swift in Sources */ = {isa = PBXBuildFile; fileRef = B05A839C2A960BEF00CE5DCF /* ExpenseTrackerApp.swift */; };
		B05A839F2A960BEF00CE5DCF /* MainView.swift in Sources */ = {isa = PBXBuildFile; fileRef = B05A839E2A960BEF00CE5DCF /* MainView.swift */; };
		B05A83A12A960BF000CE5DCF /* Assets.xcassets in Resources */ = {isa = PBXBuildFile; fileRef = B05A83A02A960BF000CE5DCF /* Assets.xcassets */; };
		B05A83A42A960BF000CE5DCF /* Preview Assets.xcassets in Resources */ = {isa = PBXBuildFile; fileRef = B05A83A32A960BF000CE5DCF /* Preview Assets.xcassets */; };
		B05A83AB2A960C2100CE5DCF /* README.md in Resources */ = {isa = PBXBuildFile; fileRef = B05A83AA2A960C2100CE5DCF /* README.md */; };
		B05A83AD2A960C4D00CE5DCF /* .gitignore in Resources */ = {isa = PBXBuildFile; fileRef = B05A83AC2A960C4D00CE5DCF /* .gitignore */; };
		B05A83B12A96448100CE5DCF /* Color+Ext.swift in Sources */ = {isa = PBXBuildFile; fileRef = B05A83B02A96448100CE5DCF /* Color+Ext.swift */; };
		B05A83B32A96C3EB00CE5DCF /* ScrollDetector.swift in Sources */ = {isa = PBXBuildFile; fileRef = B05A83B22A96C3EB00CE5DCF /* ScrollDetector.swift */; };
		B05A83B62A96E0D900CE5DCF /* Expense.swift in Sources */ = {isa = PBXBuildFile; fileRef = B05A83B52A96E0D900CE5DCF /* Expense.swift */; };
		B05A83B82A96EC9D00CE5DCF /* Double+Ext.swift in Sources */ = {isa = PBXBuildFile; fileRef = B05A83B72A96EC9D00CE5DCF /* Double+Ext.swift */; };
		B05A83BA2A96EE3300CE5DCF /* ETTabView.swift in Sources */ = {isa = PBXBuildFile; fileRef = B05A83B92A96EE3300CE5DCF /* ETTabView.swift */; };
		B05A83BC2A96F2CD00CE5DCF /* AddExpenseForm.swift in Sources */ = {isa = PBXBuildFile; fileRef = B05A83BB2A96F2CD00CE5DCF /* AddExpenseForm.swift */; };
		B05A83BE2A96FB5300CE5DCF /* Category.swift in Sources */ = {isa = PBXBuildFile; fileRef = B05A83BD2A96FB5300CE5DCF /* Category.swift */; };
		B05A83C02A99157900CE5DCF /* View+Ext.swift in Sources */ = {isa = PBXBuildFile; fileRef = B05A83BF2A99157900CE5DCF /* View+Ext.swift */; };
		B05A83C22A991AA700CE5DCF /* CategoryPicker.swift in Sources */ = {isa = PBXBuildFile; fileRef = B05A83C12A991AA700CE5DCF /* CategoryPicker.swift */; };
		B05A83C42A991B0400CE5DCF /* CategoryView.swift in Sources */ = {isa = PBXBuildFile; fileRef = B05A83C32A991B0400CE5DCF /* CategoryView.swift */; };
		B05A83C62A99269B00CE5DCF /* ExpenseRowView.swift in Sources */ = {isa = PBXBuildFile; fileRef = B05A83C52A99269B00CE5DCF /* ExpenseRowView.swift */; };
		B05A83C82A9926D000CE5DCF /* Utilities.swift in Sources */ = {isa = PBXBuildFile; fileRef = B05A83C72A9926D000CE5DCF /* Utilities.swift */; };
		B05A83CD2A9A868600CE5DCF /* ExpenseDetailView.swift in Sources */ = {isa = PBXBuildFile; fileRef = B05A83CC2A9A868600CE5DCF /* ExpenseDetailView.swift */; };
		B05A83CF2A9A90EC00CE5DCF /* ExpenseDetailEditView.swift in Sources */ = {isa = PBXBuildFile; fileRef = B05A83CE2A9A90EC00CE5DCF /* ExpenseDetailEditView.swift */; };
		B0A2FAFD2A9E220B00307705 /* EmptyExpenseListView.swift in Sources */ = {isa = PBXBuildFile; fileRef = B0A2FAFC2A9E220B00307705 /* EmptyExpenseListView.swift */; };
		B0A2FAFF2A9E5A4100307705 /* String+Ext.swift in Sources */ = {isa = PBXBuildFile; fileRef = B0A2FAFE2A9E5A4100307705 /* String+Ext.swift */; };
		B0A2FB032A9E5D1200307705 /* UserSettingsManager.swift in Sources */ = {isa = PBXBuildFile; fileRef = B0A2FB022A9E5D1200307705 /* UserSettingsManager.swift */; };
		B0A2FB052A9E7E7200307705 /* ChangeCurrency.swift in Sources */ = {isa = PBXBuildFile; fileRef = B0A2FB042A9E7E7200307705 /* ChangeCurrency.swift */; };
		B0A2FB292AA0C5DF00307705 /* Currency.swift in Sources */ = {isa = PBXBuildFile; fileRef = B0A2FB282AA0C5DF00307705 /* Currency.swift */; };
		B0B4F1B02A9B71470052FD37 /* ClearableTextField.swift in Sources */ = {isa = PBXBuildFile; fileRef = B0B4F1AF2A9B71470052FD37 /* ClearableTextField.swift */; };
		B0B4F1B22A9BA90E0052FD37 /* CategoriesView.swift in Sources */ = {isa = PBXBuildFile; fileRef = B0B4F1B12A9BA90E0052FD37 /* CategoriesView.swift */; };
		B0B4F1B82A9C6E630052FD37 /* AddCategoryView.swift in Sources */ = {isa = PBXBuildFile; fileRef = B0B4F1B72A9C6E630052FD37 /* AddCategoryView.swift */; };
		B0B4F1BA2A9C6EF50052FD37 /* Constant.swift in Sources */ = {isa = PBXBuildFile; fileRef = B0B4F1B92A9C6EF50052FD37 /* Constant.swift */; };
		B0B4F1BC2A9CB3F10052FD37 /* CategoryIconPicker.swift in Sources */ = {isa = PBXBuildFile; fileRef = B0B4F1BB2A9CB3F10052FD37 /* CategoryIconPicker.swift */; };
		B0B4F1BE2A9CC5590052FD37 /* CategoryManager.swift in Sources */ = {isa = PBXBuildFile; fileRef = B0B4F1BD2A9CC5590052FD37 /* CategoryManager.swift */; };
/* End PBXBuildFile section */

/* Begin PBXFileReference section */
		B05A83992A960BEF00CE5DCF /* ExpenseTracker.app */ = {isa = PBXFileReference; explicitFileType = wrapper.application; includeInIndex = 0; path = ExpenseTracker.app; sourceTree = BUILT_PRODUCTS_DIR; };
		B05A839C2A960BEF00CE5DCF /* ExpenseTrackerApp.swift */ = {isa = PBXFileReference; lastKnownFileType = sourcecode.swift; path = ExpenseTrackerApp.swift; sourceTree = "<group>"; };
		B05A839E2A960BEF00CE5DCF /* MainView.swift */ = {isa = PBXFileReference; lastKnownFileType = sourcecode.swift; path = MainView.swift; sourceTree = "<group>"; };
		B05A83A02A960BF000CE5DCF /* Assets.xcassets */ = {isa = PBXFileReference; lastKnownFileType = folder.assetcatalog; path = Assets.xcassets; sourceTree = "<group>"; };
		B05A83A32A960BF000CE5DCF /* Preview Assets.xcassets */ = {isa = PBXFileReference; lastKnownFileType = folder.assetcatalog; path = "Preview Assets.xcassets"; sourceTree = "<group>"; };
		B05A83AA2A960C2100CE5DCF /* README.md */ = {isa = PBXFileReference; lastKnownFileType = net.daringfireball.markdown; path = README.md; sourceTree = "<group>"; };
		B05A83AC2A960C4D00CE5DCF /* .gitignore */ = {isa = PBXFileReference; lastKnownFileType = text; path = .gitignore; sourceTree = "<group>"; };
		B05A83B02A96448100CE5DCF /* Color+Ext.swift */ = {isa = PBXFileReference; lastKnownFileType = sourcecode.swift; path = "Color+Ext.swift"; sourceTree = "<group>"; };
		B05A83B22A96C3EB00CE5DCF /* ScrollDetector.swift */ = {isa = PBXFileReference; lastKnownFileType = sourcecode.swift; path = ScrollDetector.swift; sourceTree = "<group>"; };
		B05A83B52A96E0D900CE5DCF /* Expense.swift */ = {isa = PBXFileReference; lastKnownFileType = sourcecode.swift; path = Expense.swift; sourceTree = "<group>"; };
		B05A83B72A96EC9D00CE5DCF /* Double+Ext.swift */ = {isa = PBXFileReference; lastKnownFileType = sourcecode.swift; path = "Double+Ext.swift"; sourceTree = "<group>"; };
		B05A83B92A96EE3300CE5DCF /* ETTabView.swift */ = {isa = PBXFileReference; lastKnownFileType = sourcecode.swift; path = ETTabView.swift; sourceTree = "<group>"; };
		B05A83BB2A96F2CD00CE5DCF /* AddExpenseForm.swift */ = {isa = PBXFileReference; lastKnownFileType = sourcecode.swift; path = AddExpenseForm.swift; sourceTree = "<group>"; };
		B05A83BD2A96FB5300CE5DCF /* Category.swift */ = {isa = PBXFileReference; lastKnownFileType = sourcecode.swift; path = Category.swift; sourceTree = "<group>"; };
		B05A83BF2A99157900CE5DCF /* View+Ext.swift */ = {isa = PBXFileReference; lastKnownFileType = sourcecode.swift; path = "View+Ext.swift"; sourceTree = "<group>"; };
		B05A83C12A991AA700CE5DCF /* CategoryPicker.swift */ = {isa = PBXFileReference; lastKnownFileType = sourcecode.swift; path = CategoryPicker.swift; sourceTree = "<group>"; };
		B05A83C32A991B0400CE5DCF /* CategoryView.swift */ = {isa = PBXFileReference; lastKnownFileType = sourcecode.swift; path = CategoryView.swift; sourceTree = "<group>"; };
		B05A83C52A99269B00CE5DCF /* ExpenseRowView.swift */ = {isa = PBXFileReference; lastKnownFileType = sourcecode.swift; path = ExpenseRowView.swift; sourceTree = "<group>"; };
		B05A83C72A9926D000CE5DCF /* Utilities.swift */ = {isa = PBXFileReference; lastKnownFileType = sourcecode.swift; path = Utilities.swift; sourceTree = "<group>"; };
		B05A83CC2A9A868600CE5DCF /* ExpenseDetailView.swift */ = {isa = PBXFileReference; lastKnownFileType = sourcecode.swift; path = ExpenseDetailView.swift; sourceTree = "<group>"; };
		B05A83CE2A9A90EC00CE5DCF /* ExpenseDetailEditView.swift */ = {isa = PBXFileReference; lastKnownFileType = sourcecode.swift; path = ExpenseDetailEditView.swift; sourceTree = "<group>"; };
		B0A2FAFC2A9E220B00307705 /* EmptyExpenseListView.swift */ = {isa = PBXFileReference; lastKnownFileType = sourcecode.swift; path = EmptyExpenseListView.swift; sourceTree = "<group>"; };
		B0A2FAFE2A9E5A4100307705 /* String+Ext.swift */ = {isa = PBXFileReference; lastKnownFileType = sourcecode.swift; path = "String+Ext.swift"; sourceTree = "<group>"; };
		B0A2FB022A9E5D1200307705 /* UserSettingsManager.swift */ = {isa = PBXFileReference; lastKnownFileType = sourcecode.swift; path = UserSettingsManager.swift; sourceTree = "<group>"; };
		B0A2FB042A9E7E7200307705 /* ChangeCurrency.swift */ = {isa = PBXFileReference; lastKnownFileType = sourcecode.swift; path = ChangeCurrency.swift; sourceTree = "<group>"; };
		B0A2FB282AA0C5DF00307705 /* Currency.swift */ = {isa = PBXFileReference; lastKnownFileType = sourcecode.swift; path = Currency.swift; sourceTree = "<group>"; };
		B0B4F1AF2A9B71470052FD37 /* ClearableTextField.swift */ = {isa = PBXFileReference; lastKnownFileType = sourcecode.swift; path = ClearableTextField.swift; sourceTree = "<group>"; };
		B0B4F1B12A9BA90E0052FD37 /* CategoriesView.swift */ = {isa = PBXFileReference; lastKnownFileType = sourcecode.swift; path = CategoriesView.swift; sourceTree = "<group>"; };
		B0B4F1B72A9C6E630052FD37 /* AddCategoryView.swift */ = {isa = PBXFileReference; lastKnownFileType = sourcecode.swift; path = AddCategoryView.swift; sourceTree = "<group>"; };
		B0B4F1B92A9C6EF50052FD37 /* Constant.swift */ = {isa = PBXFileReference; lastKnownFileType = sourcecode.swift; path = Constant.swift; sourceTree = "<group>"; };
		B0B4F1BB2A9CB3F10052FD37 /* CategoryIconPicker.swift */ = {isa = PBXFileReference; lastKnownFileType = sourcecode.swift; path = CategoryIconPicker.swift; sourceTree = "<group>"; };
		B0B4F1BD2A9CC5590052FD37 /* CategoryManager.swift */ = {isa = PBXFileReference; lastKnownFileType = sourcecode.swift; path = CategoryManager.swift; sourceTree = "<group>"; };
/* End PBXFileReference section */

/* Begin PBXFrameworksBuildPhase section */
		B05A83962A960BEF00CE5DCF /* Frameworks */ = {
			isa = PBXFrameworksBuildPhase;
			buildActionMask = 2147483647;
			files = (
			);
			runOnlyForDeploymentPostprocessing = 0;
		};
/* End PBXFrameworksBuildPhase section */

/* Begin PBXGroup section */
		B05A83902A960BEF00CE5DCF = {
			isa = PBXGroup;
			children = (
				B05A83AA2A960C2100CE5DCF /* README.md */,
				B05A83AC2A960C4D00CE5DCF /* .gitignore */,
				B05A839B2A960BEF00CE5DCF /* ExpenseTracker */,
				B05A839A2A960BEF00CE5DCF /* Products */,
			);
			sourceTree = "<group>";
		};
		B05A839A2A960BEF00CE5DCF /* Products */ = {
			isa = PBXGroup;
			children = (
				B05A83992A960BEF00CE5DCF /* ExpenseTracker.app */,
			);
			name = Products;
			sourceTree = "<group>";
		};
		B05A839B2A960BEF00CE5DCF /* ExpenseTracker */ = {
			isa = PBXGroup;
			children = (
				B05A839C2A960BEF00CE5DCF /* ExpenseTrackerApp.swift */,
				B05A83AE2A96435700CE5DCF /* Utilities */,
				B05A83B42A96E0C900CE5DCF /* Models */,
				B05A83C92A99279800CE5DCF /* Views */,
				B05A83A02A960BF000CE5DCF /* Assets.xcassets */,
				B05A83A22A960BF000CE5DCF /* Preview Content */,
			);
			path = ExpenseTracker;
			sourceTree = "<group>";
		};
		B05A83A22A960BF000CE5DCF /* Preview Content */ = {
			isa = PBXGroup;
			children = (
				B05A83A32A960BF000CE5DCF /* Preview Assets.xcassets */,
			);
			path = "Preview Content";
			sourceTree = "<group>";
		};
		B05A83AE2A96435700CE5DCF /* Utilities */ = {
			isa = PBXGroup;
			children = (
				B05A83AF2A96435E00CE5DCF /* Extension */,
				B05A83B22A96C3EB00CE5DCF /* ScrollDetector.swift */,
				B05A83C72A9926D000CE5DCF /* Utilities.swift */,
				B0A2FB022A9E5D1200307705 /* UserSettingsManager.swift */,
				B0B4F1BD2A9CC5590052FD37 /* CategoryManager.swift */,
				B0B4F1B92A9C6EF50052FD37 /* Constant.swift */,
			);
			path = Utilities;
			sourceTree = "<group>";
		};
		B05A83AF2A96435E00CE5DCF /* Extension */ = {
			isa = PBXGroup;
			children = (
				B05A83B02A96448100CE5DCF /* Color+Ext.swift */,
				B0A2FAFE2A9E5A4100307705 /* String+Ext.swift */,
				B05A83B72A96EC9D00CE5DCF /* Double+Ext.swift */,
				B05A83BF2A99157900CE5DCF /* View+Ext.swift */,
			);
			path = Extension;
			sourceTree = "<group>";
		};
		B05A83B42A96E0C900CE5DCF /* Models */ = {
			isa = PBXGroup;
			children = (
				B05A83B52A96E0D900CE5DCF /* Expense.swift */,
				B05A83BD2A96FB5300CE5DCF /* Category.swift */,
				B0A2FB282AA0C5DF00307705 /* Currency.swift */,
			);
			path = Models;
			sourceTree = "<group>";
		};
		B05A83C92A99279800CE5DCF /* Views */ = {
			isa = PBXGroup;
			children = (
				B0B4F1AE2A9B71330052FD37 /* CustomViews */,
				B05A83B92A96EE3300CE5DCF /* ETTabView.swift */,
				B0A2FB042A9E7E7200307705 /* ChangeCurrency.swift */,
				B05A83BB2A96F2CD00CE5DCF /* AddExpenseForm.swift */,
				B0B4F1B62A9C6E4A0052FD37 /* CategoriesViews */,
				B05A83CB2A9927A600CE5DCF /* CategoryPicker */,
				B0A2FAFB2A9E179700307705 /* ExpenseDetailViews */,
				B05A83CA2A99279B00CE5DCF /* MainView */,
			);
			path = Views;
			sourceTree = "<group>";
		};
		B05A83CA2A99279B00CE5DCF /* MainView */ = {
			isa = PBXGroup;
			children = (
				B05A839E2A960BEF00CE5DCF /* MainView.swift */,
				B0A2FAFC2A9E220B00307705 /* EmptyExpenseListView.swift */,
				B05A83C52A99269B00CE5DCF /* ExpenseRowView.swift */,
			);
			path = MainView;
			sourceTree = "<group>";
		};
		B05A83CB2A9927A600CE5DCF /* CategoryPicker */ = {
			isa = PBXGroup;
			children = (
				B05A83C12A991AA700CE5DCF /* CategoryPicker.swift */,
				B05A83C32A991B0400CE5DCF /* CategoryView.swift */,
			);
			path = CategoryPicker;
			sourceTree = "<group>";
		};
		B0A2FAFB2A9E179700307705 /* ExpenseDetailViews */ = {
			isa = PBXGroup;
			children = (
				B05A83CC2A9A868600CE5DCF /* ExpenseDetailView.swift */,
				B05A83CE2A9A90EC00CE5DCF /* ExpenseDetailEditView.swift */,
			);
			path = ExpenseDetailViews;
			sourceTree = "<group>";
		};
		B0B4F1AE2A9B71330052FD37 /* CustomViews */ = {
			isa = PBXGroup;
			children = (
				B0B4F1AF2A9B71470052FD37 /* ClearableTextField.swift */,
			);
			path = CustomViews;
			sourceTree = "<group>";
		};
		B0B4F1B62A9C6E4A0052FD37 /* CategoriesViews */ = {
			isa = PBXGroup;
			children = (
				B0B4F1B12A9BA90E0052FD37 /* CategoriesView.swift */,
				B0B4F1B72A9C6E630052FD37 /* AddCategoryView.swift */,
				B0B4F1BB2A9CB3F10052FD37 /* CategoryIconPicker.swift */,
			);
			path = CategoriesViews;
			sourceTree = "<group>";
		};
/* End PBXGroup section */

/* Begin PBXNativeTarget section */
		B05A83982A960BEF00CE5DCF /* ExpenseTracker */ = {
			isa = PBXNativeTarget;
			buildConfigurationList = B05A83A72A960BF000CE5DCF /* Build configuration list for PBXNativeTarget "ExpenseTracker" */;
			buildPhases = (
				B05A83952A960BEF00CE5DCF /* Sources */,
				B05A83962A960BEF00CE5DCF /* Frameworks */,
				B05A83972A960BEF00CE5DCF /* Resources */,
			);
			buildRules = (
			);
			dependencies = (
			);
			name = ExpenseTracker;
			productName = ExpenseTracker;
			productReference = B05A83992A960BEF00CE5DCF /* ExpenseTracker.app */;
			productType = "com.apple.product-type.application";
		};
/* End PBXNativeTarget section */

/* Begin PBXProject section */
		B05A83912A960BEF00CE5DCF /* Project object */ = {
			isa = PBXProject;
			attributes = {
				BuildIndependentTargetsInParallel = 1;
				LastSwiftUpdateCheck = 1430;
				LastUpgradeCheck = 1430;
				TargetAttributes = {
					B05A83982A960BEF00CE5DCF = {
						CreatedOnToolsVersion = 14.3.1;
					};
				};
			};
			buildConfigurationList = B05A83942A960BEF00CE5DCF /* Build configuration list for PBXProject "ExpenseTracker" */;
			compatibilityVersion = "Xcode 14.0";
			developmentRegion = en;
			hasScannedForEncodings = 0;
			knownRegions = (
				en,
				Base,
			);
			mainGroup = B05A83902A960BEF00CE5DCF;
			productRefGroup = B05A839A2A960BEF00CE5DCF /* Products */;
			projectDirPath = "";
			projectRoot = "";
			targets = (
				B05A83982A960BEF00CE5DCF /* ExpenseTracker */,
			);
		};
/* End PBXProject section */

/* Begin PBXResourcesBuildPhase section */
		B05A83972A960BEF00CE5DCF /* Resources */ = {
			isa = PBXResourcesBuildPhase;
			buildActionMask = 2147483647;
			files = (
				B05A83AD2A960C4D00CE5DCF /* .gitignore in Resources */,
				B05A83AB2A960C2100CE5DCF /* README.md in Resources */,
				B05A83A42A960BF000CE5DCF /* Preview Assets.xcassets in Resources */,
				B05A83A12A960BF000CE5DCF /* Assets.xcassets in Resources */,
			);
			runOnlyForDeploymentPostprocessing = 0;
		};
/* End PBXResourcesBuildPhase section */

/* Begin PBXSourcesBuildPhase section */
		B05A83952A960BEF00CE5DCF /* Sources */ = {
			isa = PBXSourcesBuildPhase;
			buildActionMask = 2147483647;
			files = (
				B05A83B32A96C3EB00CE5DCF /* ScrollDetector.swift in Sources */,
				B05A839F2A960BEF00CE5DCF /* MainView.swift in Sources */,
				B0B4F1BC2A9CB3F10052FD37 /* CategoryIconPicker.swift in Sources */,
				B05A83CF2A9A90EC00CE5DCF /* ExpenseDetailEditView.swift in Sources */,
				B0A2FAFD2A9E220B00307705 /* EmptyExpenseListView.swift in Sources */,
				B05A83C82A9926D000CE5DCF /* Utilities.swift in Sources */,
				B0A2FB052A9E7E7200307705 /* ChangeCurrency.swift in Sources */,
				B0A2FAFF2A9E5A4100307705 /* String+Ext.swift in Sources */,
				B0B4F1BE2A9CC5590052FD37 /* CategoryManager.swift in Sources */,
				B0A2FB292AA0C5DF00307705 /* Currency.swift in Sources */,
				B05A83C42A991B0400CE5DCF /* CategoryView.swift in Sources */,
				B05A83C02A99157900CE5DCF /* View+Ext.swift in Sources */,
				B05A83B82A96EC9D00CE5DCF /* Double+Ext.swift in Sources */,
				B0B4F1B02A9B71470052FD37 /* ClearableTextField.swift in Sources */,
				B05A83BA2A96EE3300CE5DCF /* ETTabView.swift in Sources */,
				B05A83BC2A96F2CD00CE5DCF /* AddExpenseForm.swift in Sources */,
				B05A83C62A99269B00CE5DCF /* ExpenseRowView.swift in Sources */,
				B05A83BE2A96FB5300CE5DCF /* Category.swift in Sources */,
				B05A839D2A960BEF00CE5DCF /* ExpenseTrackerApp.swift in Sources */,
				B0B4F1BA2A9C6EF50052FD37 /* Constant.swift in Sources */,
				B05A83C22A991AA700CE5DCF /* CategoryPicker.swift in Sources */,
				B0A2FB032A9E5D1200307705 /* UserSettingsManager.swift in Sources */,
				B0B4F1B22A9BA90E0052FD37 /* CategoriesView.swift in Sources */,
				B05A83CD2A9A868600CE5DCF /* ExpenseDetailView.swift in Sources */,
				B05A83B12A96448100CE5DCF /* Color+Ext.swift in Sources */,
				B0B4F1B82A9C6E630052FD37 /* AddCategoryView.swift in Sources */,
				B05A83B62A96E0D900CE5DCF /* Expense.swift in Sources */,
			);
			runOnlyForDeploymentPostprocessing = 0;
		};
/* End PBXSourcesBuildPhase section */

/* Begin XCBuildConfiguration section */
		B05A83A52A960BF000CE5DCF /* Debug */ = {
			isa = XCBuildConfiguration;
			buildSettings = {
				ALWAYS_SEARCH_USER_PATHS = NO;
				CLANG_ANALYZER_NONNULL = YES;
				CLANG_ANALYZER_NUMBER_OBJECT_CONVERSION = YES_AGGRESSIVE;
				CLANG_CXX_LANGUAGE_STANDARD = "gnu++20";
				CLANG_ENABLE_MODULES = YES;
				CLANG_ENABLE_OBJC_ARC = YES;
				CLANG_ENABLE_OBJC_WEAK = YES;
				CLANG_WARN_BLOCK_CAPTURE_AUTORELEASING = YES;
				CLANG_WARN_BOOL_CONVERSION = YES;
				CLANG_WARN_COMMA = YES;
				CLANG_WARN_CONSTANT_CONVERSION = YES;
				CLANG_WARN_DEPRECATED_OBJC_IMPLEMENTATIONS = YES;
				CLANG_WARN_DIRECT_OBJC_ISA_USAGE = YES_ERROR;
				CLANG_WARN_DOCUMENTATION_COMMENTS = YES;
				CLANG_WARN_EMPTY_BODY = YES;
				CLANG_WARN_ENUM_CONVERSION = YES;
				CLANG_WARN_INFINITE_RECURSION = YES;
				CLANG_WARN_INT_CONVERSION = YES;
				CLANG_WARN_NON_LITERAL_NULL_CONVERSION = YES;
				CLANG_WARN_OBJC_IMPLICIT_RETAIN_SELF = YES;
				CLANG_WARN_OBJC_LITERAL_CONVERSION = YES;
				CLANG_WARN_OBJC_ROOT_CLASS = YES_ERROR;
				CLANG_WARN_QUOTED_INCLUDE_IN_FRAMEWORK_HEADER = YES;
				CLANG_WARN_RANGE_LOOP_ANALYSIS = YES;
				CLANG_WARN_STRICT_PROTOTYPES = YES;
				CLANG_WARN_SUSPICIOUS_MOVE = YES;
				CLANG_WARN_UNGUARDED_AVAILABILITY = YES_AGGRESSIVE;
				CLANG_WARN_UNREACHABLE_CODE = YES;
				CLANG_WARN__DUPLICATE_METHOD_MATCH = YES;
				COPY_PHASE_STRIP = NO;
				DEBUG_INFORMATION_FORMAT = dwarf;
				ENABLE_STRICT_OBJC_MSGSEND = YES;
				ENABLE_TESTABILITY = YES;
				GCC_C_LANGUAGE_STANDARD = gnu11;
				GCC_DYNAMIC_NO_PIC = NO;
				GCC_NO_COMMON_BLOCKS = YES;
				GCC_OPTIMIZATION_LEVEL = 0;
				GCC_PREPROCESSOR_DEFINITIONS = (
					"DEBUG=1",
					"$(inherited)",
				);
				GCC_WARN_64_TO_32_BIT_CONVERSION = YES;
				GCC_WARN_ABOUT_RETURN_TYPE = YES_ERROR;
				GCC_WARN_UNDECLARED_SELECTOR = YES;
				GCC_WARN_UNINITIALIZED_AUTOS = YES_AGGRESSIVE;
				GCC_WARN_UNUSED_FUNCTION = YES;
				GCC_WARN_UNUSED_VARIABLE = YES;
				IPHONEOS_DEPLOYMENT_TARGET = 16.4;
				MTL_ENABLE_DEBUG_INFO = INCLUDE_SOURCE;
				MTL_FAST_MATH = YES;
				ONLY_ACTIVE_ARCH = YES;
				SDKROOT = iphoneos;
				SWIFT_ACTIVE_COMPILATION_CONDITIONS = DEBUG;
				SWIFT_OPTIMIZATION_LEVEL = "-Onone";
			};
			name = Debug;
		};
		B05A83A62A960BF000CE5DCF /* Release */ = {
			isa = XCBuildConfiguration;
			buildSettings = {
				ALWAYS_SEARCH_USER_PATHS = NO;
				CLANG_ANALYZER_NONNULL = YES;
				CLANG_ANALYZER_NUMBER_OBJECT_CONVERSION = YES_AGGRESSIVE;
				CLANG_CXX_LANGUAGE_STANDARD = "gnu++20";
				CLANG_ENABLE_MODULES = YES;
				CLANG_ENABLE_OBJC_ARC = YES;
				CLANG_ENABLE_OBJC_WEAK = YES;
				CLANG_WARN_BLOCK_CAPTURE_AUTORELEASING = YES;
				CLANG_WARN_BOOL_CONVERSION = YES;
				CLANG_WARN_COMMA = YES;
				CLANG_WARN_CONSTANT_CONVERSION = YES;
				CLANG_WARN_DEPRECATED_OBJC_IMPLEMENTATIONS = YES;
				CLANG_WARN_DIRECT_OBJC_ISA_USAGE = YES_ERROR;
				CLANG_WARN_DOCUMENTATION_COMMENTS = YES;
				CLANG_WARN_EMPTY_BODY = YES;
				CLANG_WARN_ENUM_CONVERSION = YES;
				CLANG_WARN_INFINITE_RECURSION = YES;
				CLANG_WARN_INT_CONVERSION = YES;
				CLANG_WARN_NON_LITERAL_NULL_CONVERSION = YES;
				CLANG_WARN_OBJC_IMPLICIT_RETAIN_SELF = YES;
				CLANG_WARN_OBJC_LITERAL_CONVERSION = YES;
				CLANG_WARN_OBJC_ROOT_CLASS = YES_ERROR;
				CLANG_WARN_QUOTED_INCLUDE_IN_FRAMEWORK_HEADER = YES;
				CLANG_WARN_RANGE_LOOP_ANALYSIS = YES;
				CLANG_WARN_STRICT_PROTOTYPES = YES;
				CLANG_WARN_SUSPICIOUS_MOVE = YES;
				CLANG_WARN_UNGUARDED_AVAILABILITY = YES_AGGRESSIVE;
				CLANG_WARN_UNREACHABLE_CODE = YES;
				CLANG_WARN__DUPLICATE_METHOD_MATCH = YES;
				COPY_PHASE_STRIP = NO;
				DEBUG_INFORMATION_FORMAT = "dwarf-with-dsym";
				ENABLE_NS_ASSERTIONS = NO;
				ENABLE_STRICT_OBJC_MSGSEND = YES;
				GCC_C_LANGUAGE_STANDARD = gnu11;
				GCC_NO_COMMON_BLOCKS = YES;
				GCC_WARN_64_TO_32_BIT_CONVERSION = YES;
				GCC_WARN_ABOUT_RETURN_TYPE = YES_ERROR;
				GCC_WARN_UNDECLARED_SELECTOR = YES;
				GCC_WARN_UNINITIALIZED_AUTOS = YES_AGGRESSIVE;
				GCC_WARN_UNUSED_FUNCTION = YES;
				GCC_WARN_UNUSED_VARIABLE = YES;
				IPHONEOS_DEPLOYMENT_TARGET = 16.4;
				MTL_ENABLE_DEBUG_INFO = NO;
				MTL_FAST_MATH = YES;
				SDKROOT = iphoneos;
				SWIFT_COMPILATION_MODE = wholemodule;
				SWIFT_OPTIMIZATION_LEVEL = "-O";
				VALIDATE_PRODUCT = YES;
			};
			name = Release;
		};
		B05A83A82A960BF000CE5DCF /* Debug */ = {
			isa = XCBuildConfiguration;
			buildSettings = {
				ASSETCATALOG_COMPILER_APPICON_NAME = AppIcon;
				ASSETCATALOG_COMPILER_GLOBAL_ACCENT_COLOR_NAME = AccentColor;
				CODE_SIGN_STYLE = Automatic;
				CURRENT_PROJECT_VERSION = 1;
				DEVELOPMENT_ASSET_PATHS = "\"ExpenseTracker/Preview Content\"";
				DEVELOPMENT_TEAM = F4UY8YURNN;
				ENABLE_PREVIEWS = YES;
				GENERATE_INFOPLIST_FILE = YES;
				INFOPLIST_KEY_UIApplicationSceneManifest_Generation = YES;
				INFOPLIST_KEY_UIApplicationSupportsIndirectInputEvents = YES;
				INFOPLIST_KEY_UILaunchScreen_Generation = YES;
				INFOPLIST_KEY_UISupportedInterfaceOrientations_iPad = "UIInterfaceOrientationPortrait UIInterfaceOrientationPortraitUpsideDown UIInterfaceOrientationLandscapeLeft UIInterfaceOrientationLandscapeRight";
				INFOPLIST_KEY_UISupportedInterfaceOrientations_iPhone = "UIInterfaceOrientationPortrait UIInterfaceOrientationLandscapeLeft UIInterfaceOrientationLandscapeRight";
				IPHONEOS_DEPLOYMENT_TARGET = 16.0;
				LD_RUNPATH_SEARCH_PATHS = (
					"$(inherited)",
					"@executable_path/Frameworks",
				);
				MARKETING_VERSION = 1.0;
				PRODUCT_BUNDLE_IDENTIFIER = com.StevenWijaya.ExpenseTracker;
				PRODUCT_NAME = "$(TARGET_NAME)";
				SWIFT_EMIT_LOC_STRINGS = YES;
				SWIFT_VERSION = 5.0;
				TARGETED_DEVICE_FAMILY = "1,2";
			};
			name = Debug;
		};
		B05A83A92A960BF000CE5DCF /* Release */ = {
			isa = XCBuildConfiguration;
			buildSettings = {
				ASSETCATALOG_COMPILER_APPICON_NAME = AppIcon;
				ASSETCATALOG_COMPILER_GLOBAL_ACCENT_COLOR_NAME = AccentColor;
				CODE_SIGN_STYLE = Automatic;
				CURRENT_PROJECT_VERSION = 1;
				DEVELOPMENT_ASSET_PATHS = "\"ExpenseTracker/Preview Content\"";
				DEVELOPMENT_TEAM = F4UY8YURNN;
				ENABLE_PREVIEWS = YES;
				GENERATE_INFOPLIST_FILE = YES;
				INFOPLIST_KEY_UIApplicationSceneManifest_Generation = YES;
				INFOPLIST_KEY_UIApplicationSupportsIndirectInputEvents = YES;
				INFOPLIST_KEY_UILaunchScreen_Generation = YES;
				INFOPLIST_KEY_UISupportedInterfaceOrientations_iPad = "UIInterfaceOrientationPortrait UIInterfaceOrientationPortraitUpsideDown UIInterfaceOrientationLandscapeLeft UIInterfaceOrientationLandscapeRight";
				INFOPLIST_KEY_UISupportedInterfaceOrientations_iPhone = "UIInterfaceOrientationPortrait UIInterfaceOrientationLandscapeLeft UIInterfaceOrientationLandscapeRight";
				IPHONEOS_DEPLOYMENT_TARGET = 16.0;
				LD_RUNPATH_SEARCH_PATHS = (
					"$(inherited)",
					"@executable_path/Frameworks",
				);
				MARKETING_VERSION = 1.0;
				PRODUCT_BUNDLE_IDENTIFIER = com.StevenWijaya.ExpenseTracker;
				PRODUCT_NAME = "$(TARGET_NAME)";
				SWIFT_EMIT_LOC_STRINGS = YES;
				SWIFT_VERSION = 5.0;
				TARGETED_DEVICE_FAMILY = "1,2";
			};
			name = Release;
		};
/* End XCBuildConfiguration section */

/* Begin XCConfigurationList section */
		B05A83942A960BEF00CE5DCF /* Build configuration list for PBXProject "ExpenseTracker" */ = {
			isa = XCConfigurationList;
			buildConfigurations = (
				B05A83A52A960BF000CE5DCF /* Debug */,
				B05A83A62A960BF000CE5DCF /* Release */,
			);
			defaultConfigurationIsVisible = 0;
			defaultConfigurationName = Release;
		};
		B05A83A72A960BF000CE5DCF /* Build configuration list for PBXNativeTarget "ExpenseTracker" */ = {
			isa = XCConfigurationList;
			buildConfigurations = (
				B05A83A82A960BF000CE5DCF /* Debug */,
				B05A83A92A960BF000CE5DCF /* Release */,
			);
			defaultConfigurationIsVisible = 0;
			defaultConfigurationName = Release;
		};
/* End XCConfigurationList section */
	};
	rootObject = B05A83912A960BEF00CE5DCF /* Project object */;
}
